Microsoft Visual Studio Solution File, Format Version 11.00
# Visual Studio 2008

Project("{A72846F6-4331-BA9F-5629-4DD5C73A331B}") = "FPS Motores", "Assembly-CSharp-firstpass-vs.csproj", "{07302443-7B8F-9E69-6324-850AFEABB1BB}"
EndProject
Project("{A72846F6-4331-BA9F-5629-4DD5C73A331B}") = "FPS Motores", "Assembly-CSharp-vs.csproj", "{F7E9229F-2131-FE1D-CD89-753880BC855C}"
EndProject
Project("{A72846F6-4331-BA9F-5629-4DD5C73A331B}") = "FPS Motores", "Assembly-CSharp-Editor-vs.csproj", "{028877F2-471C-40A5-EA8A-B1983C17F109}"
EndProject
Global
	GlobalSection(SolutionConfigurationPlatforms) = preSolution
		Debug|Any CPU = Debug|Any CPU
		Release|Any CPU = Release|Any CPU
	EndGlobalSection
	GlobalSection(ProjectConfigurationPlatforms) = postSolution
		{07302443-7B8F-9E69-6324-850AFEABB1BB}.Debug|Any CPU.ActiveCfg = Debug|Any CPU
		{07302443-7B8F-9E69-6324-850AFEABB1BB}.Debug|Any CPU.Build.0 = Debug|Any CPU
		{07302443-7B8F-9E69-6324-850AFEABB1BB}.Release|Any CPU.ActiveCfg = Release|Any CPU
		{07302443-7B8F-9E69-6324-850AFEABB1BB}.Release|Any CPU.Build.0 = Release|Any CPU
		{F7E9229F-2131-FE1D-CD89-753880BC855C}.Debug|Any CPU.ActiveCfg = Debug|Any CPU
		{F7E9229F-2131-FE1D-CD89-753880BC855C}.Debug|Any CPU.Build.0 = Debug|Any CPU
		{F7E9229F-2131-FE1D-CD89-753880BC855C}.Release|Any CPU.ActiveCfg = Release|Any CPU
		{F7E9229F-2131-FE1D-CD89-753880BC855C}.Release|Any CPU.Build.0 = Release|Any CPU
		{028877F2-471C-40A5-EA8A-B1983C17F109}.Debug|Any CPU.ActiveCfg = Debug|Any CPU
		{028877F2-471C-40A5-EA8A-B1983C17F109}.Debug|Any CPU.Build.0 = Debug|Any CPU
		{028877F2-471C-40A5-EA8A-B1983C17F109}.Release|Any CPU.ActiveCfg = Release|Any CPU
		{028877F2-471C-40A5-EA8A-B1983C17F109}.Release|Any CPU.Build.0 = Release|Any CPU
	EndGlobalSection
	GlobalSection(SolutionProperties) = preSolution
		HideSolutionNode = FALSE
	EndGlobalSection
																																																				GlobalSection(MonoDevelopProperties) = preSolution
		StartupItem = Assembly-CSharp.csproj
		Policies = $0
		$0.TextStylePolicy = $1
		$1.inheritsSet = null
		$1.scope = text/x-csharp
		$0.CSharpFormattingPolicy = $2
		$2.inheritsSet = Mono
		$2.inheritsScope = text/x-csharp
		$2.scope = text/x-csharp
		$0.TextStylePolicy = $3
		$3.FileWidth = 120
		$3.TabWidth = 4
		$3.IndentWidth = 4
		$3.EolMarker = Unix
		$3.inheritsSet = Mono
		$3.inheritsScope = text/plain
		$3.scope = text/plain
	EndGlobalSection

EndGlobal
